
Microsoft Visual Studio Solution File, Format Version 12.00
# Visual Studio 2013
VisualStudioVersion = 12.0.21005.1
MinimumVisualStudioVersion = 10.0.40219.1
Project("{FAE04EC0-301F-11D3-BF4B-00C04F79EFBC}") = "DataStructure", "DataStructure\DataStructure.csproj", "{4D557209-7DF2-4AAE-86A2-99E02EF98C51}"
EndProject
Project("{FAE04EC0-301F-11D3-BF4B-00C04F79EFBC}") = "DataStructureTest", "DataStructureTest\DataStructureTest.csproj", "{1440ECB1-DAA4-4AAA-9041-A4AEEF4B449E}"
EndProject
Global
	GlobalSection(SolutionConfigurationPlatforms) = preSolution
		Debug|Any CPU = Debug|Any CPU
		Release|Any CPU = Release|Any CPU
	EndGlobalSection
	GlobalSection(ProjectConfigurationPlatforms) = postSolution
		{4D557209-7DF2-4AAE-86A2-99E02EF98C51}.Debug|Any CPU.ActiveCfg = Debug|Any CPU
		{4D557209-7DF2-4AAE-86A2-99E02EF98C51}.Debug|Any CPU.Build.0 = Debug|Any CPU
		{4D557209-7DF2-4AAE-86A2-99E02EF98C51}.Release|Any CPU.ActiveCfg = Release|Any CPU
		{4D557209-7DF2-4AAE-86A2-99E02EF98C51}.Release|Any CPU.Build.0 = Release|Any CPU
		{1440ECB1-DAA4-4AAA-9041-A4AEEF4B449E}.Debug|Any CPU.ActiveCfg = Debug|Any CPU
		{1440ECB1-DAA4-4AAA-9041-A4AEEF4B449E}.Debug|Any CPU.Build.0 = Debug|Any CPU
		{1440ECB1-DAA4-4AAA-9041-A4AEEF4B449E}.Release|Any CPU.ActiveCfg = Release|Any CPU
		{1440ECB1-DAA4-4AAA-9041-A4AEEF4B449E}.Release|Any CPU.Build.0 = Release|Any CPU
	EndGlobalSection
	GlobalSection(SolutionProperties) = preSolution
		HideSolutionNode = FALSE
	EndGlobalSection
EndGlobal
